{
  "name": "algorithms",
  "version": "1.0.0",
  "lockfileVersion": 2,
  "requires": true,
  "packages": {
    "": {
      "name": "algorithms",
      "version": "1.0.0",
      "license": "ISC",
      "dependencies": {
        "@datastructures-js/priority-queue": "github:datastructures-js/priority-queue",
        "@datastructures-js/queue": "github:datastructures-js/queue"
      }
    },
    "node_modules/@datastructures-js/heap": {
      "version": "4.3.2",
      "resolved": "https://artifactory.coxautoinc.com/artifactory/api/npm/dri-npm/@datastructures-js/heap/-/heap-4.3.2.tgz",
      "integrity": "sha512-7/9QSsIZ+wMG3C9++mz9iOjdtTp9C036PISHvNjG3eyFO8nXOBJQFKgeV7M6/+EPl+oXXFRGBb8Ue60LsqTqGw=="
    },
    "node_modules/@datastructures-js/priority-queue": {
      "version": "6.3.0",
      "resolved": "git+ssh://git@github.com/datastructures-js/priority-queue.git#62d450ce9933730ed0bc43b07a5ce139ae9215a9",
      "license": "MIT",
      "dependencies": {
        "@datastructures-js/heap": "^4.3.1"
      }
    },
    "node_modules/@datastructures-js/queue": {
      "version": "4.2.3",
      "resolved": "git+ssh://git@github.com/datastructures-js/queue.git#500df410caa9d31eabfd2af32a80a65ea4a76208",
      "license": "MIT"
    }
  },
  "dependencies": {
    "@datastructures-js/heap": {
      "version": "4.3.2",
      "resolved": "https://artifactory.coxautoinc.com/artifactory/api/npm/dri-npm/@datastructures-js/heap/-/heap-4.3.2.tgz",
      "integrity": "sha512-7/9QSsIZ+wMG3C9++mz9iOjdtTp9C036PISHvNjG3eyFO8nXOBJQFKgeV7M6/+EPl+oXXFRGBb8Ue60LsqTqGw=="
    },
    "@datastructures-js/priority-queue": {
      "version": "git+ssh://git@github.com/datastructures-js/priority-queue.git#62d450ce9933730ed0bc43b07a5ce139ae9215a9",
      "from": "@datastructures-js/priority-queue@github:datastructures-js/priority-queue",
      "requires": {
        "@datastructures-js/heap": "^4.3.1"
      }
    },
    "@datastructures-js/queue": {
      "version": "git+ssh://git@github.com/datastructures-js/queue.git#500df410caa9d31eabfd2af32a80a65ea4a76208",
      "from": "@datastructures-js/queue@datastructures-js/queue"
    }
  }
}
